
Microsoft Visual Studio Solution File, Format Version 12.00
# Visual Studio 15
VisualStudioVersion = 15.0.27130.2026
MinimumVisualStudioVersion = 10.0.40219.1
Project("{FAE04EC0-301F-11D3-BF4B-00C04F79EFBC}") = "MapEditor", "MapEditor\MapEditor.csproj", "{BA12AD8C-BB11-445B-99D4-AF774EFE25AE}"
EndProject
Global
	GlobalSection(SolutionConfigurationPlatforms) = preSolution
		Debug|Any CPU = Debug|Any CPU
		Release|Any CPU = Release|Any CPU
	EndGlobalSection
	GlobalSection(ProjectConfigurationPlatforms) = postSolution
		{BA12AD8C-BB11-445B-99D4-AF774EFE25AE}.Debug|Any CPU.ActiveCfg = Debug|Any CPU
		{BA12AD8C-BB11-445B-99D4-AF774EFE25AE}.Debug|Any CPU.Build.0 = Debug|Any CPU
		{BA12AD8C-BB11-445B-99D4-AF774EFE25AE}.Release|Any CPU.ActiveCfg = Release|Any CPU
		{BA12AD8C-BB11-445B-99D4-AF774EFE25AE}.Release|Any CPU.Build.0 = Release|Any CPU
	EndGlobalSection
	GlobalSection(SolutionProperties) = preSolution
		HideSolutionNode = FALSE
	EndGlobalSection
	GlobalSection(ExtensibilityGlobals) = postSolution
		SolutionGuid = {4A1AC864-2BEE-4996-88A3-F57AC711DA64}
	EndGlobalSection
EndGlobal
