<?xml version="1.0" encoding="utf-8"?>
<Project ToolsVersion="4.0" xmlns="http://schemas.microsoft.com/developer/msbuild/2003">
  <ItemGroup>
    <Filter Include="Source Files">
      <UniqueIdentifier>{4FC737F1-C7A5-4376-A066-2A32D752A2FF}</UniqueIdentifier>
      <Extensions>cpp;c;cc;cxx;def;odl;idl;hpj;bat;asm;asmx</Extensions>
    </Filter>
    <Filter Include="Header Files">
      <UniqueIdentifier>{93995380-89BD-4b04-88EB-625FBE52EBFB}</UniqueIdentifier>
      <Extensions>h;hh;hpp;hxx;hm;inl;inc;xsd</Extensions>
    </Filter>
    <Filter Include="Resource Files">
      <UniqueIdentifier>{67DA6AB6-F800-4c08-8B7A-83BB121AAD01}</UniqueIdentifier>
      <Extensions>rc;ico;cur;bmp;dlg;rc2;rct;bin;rgs;gif;jpg;jpeg;jpe;resx;tiff;tif;png;wav;mfcribbon-ms</Extensions>
    </Filter>
    <Filter Include="Source Files\Objects">
      <UniqueIdentifier>{c0e43640-c645-4133-9594-841b874d17ee}</UniqueIdentifier>
    </Filter>
    <Filter Include="Source Files\Objects\Player">
      <UniqueIdentifier>{5d5c3bbb-fe4e-4842-8acd-ffcf0c18fc35}</UniqueIdentifier>
    </Filter>
    <Filter Include="Source Files\Objects\Enemies">
      <UniqueIdentifier>{7a94bd0d-0307-4b2a-8282-5f8fc17b0e64}</UniqueIdentifier>
    </Filter>
    <Filter Include="Source Files\Objects\Items">
      <UniqueIdentifier>{ee9738df-5997-4e86-b708-ad7de55a720d}</UniqueIdentifier>
    </Filter>
    <Filter Include="Source Files\Scenes">
      <UniqueIdentifier>{1136b89a-07b4-4de9-ba52-bb5082a6c6ff}</UniqueIdentifier>
    </Filter>
    <Filter Include="Source Files\Rescourses">
      <UniqueIdentifier>{745c718e-4aca-432a-bcad-aa9afe5a8af5}</UniqueIdentifier>
    </Filter>
  </ItemGroup>
  <ItemGroup>
    <ClInclude Include="Define.h">
      <Filter>Source Files</Filter>
    </ClInclude>
    <ClInclude Include="Aladdin.h">
      <Filter>Source Files\Objects\Player</Filter>
    </ClInclude>
    <ClInclude Include="Brick.h">
      <Filter>Source Files</Filter>
    </ClInclude>
    <ClInclude Include="SceneOne.h">
      <Filter>Source Files\Scenes</Filter>
    </ClInclude>
    <ClInclude Include="SceneBoss.h">
      <Filter>Source Files\Scenes</Filter>
    </ClInclude>
    <ClInclude Include="ScoreBoard.h">
      <Filter>Source Files</Filter>
    </ClInclude>
    <ClInclude Include="AladdinResources.h">
      <Filter>Source Files\Rescourses</Filter>
    </ClInclude>
    <ClInclude Include="Ground.h">
      <Filter>Source Files\Objects</Filter>
    </ClInclude>
  </ItemGroup>
  <ItemGroup>
    <ClCompile Include="main.cpp">
      <Filter>Source Files</Filter>
    </ClCompile>
    <ClCompile Include="Aladdin.cpp">
      <Filter>Source Files\Objects\Player</Filter>
    </ClCompile>
    <ClCompile Include="Brick.cpp">
      <Filter>Source Files</Filter>
    </ClCompile>
    <ClCompile Include="SceneOne.cpp">
      <Filter>Source Files\Scenes</Filter>
    </ClCompile>
    <ClCompile Include="SceneBoss.cpp">
      <Filter>Source Files\Scenes</Filter>
    </ClCompile>
    <ClCompile Include="ScoreBoard.cpp">
      <Filter>Source Files</Filter>
    </ClCompile>
    <ClCompile Include="AladdinResources.cpp">
      <Filter>Source Files\Rescourses</Filter>
    </ClCompile>
    <ClCompile Include="Ground.cpp">
      <Filter>Source Files\Objects</Filter>
    </ClCompile>
  </ItemGroup>
</Project>