<?xml version="1.0" encoding="utf-8"?>
<Project ToolsVersion="4.0" xmlns="http://schemas.microsoft.com/developer/msbuild/2003">
  <ItemGroup>
    <ClCompile Include="RestartPoint.cpp">
      <Filter>Source\Object</Filter>
    </ClCompile>
    <ClCompile Include="SpendThese.cpp">
      <Filter>Source\Object</Filter>
    </ClCompile>
    <ClCompile Include="Up.cpp">
      <Filter>Source\Object</Filter>
    </ClCompile>
    <ClCompile Include="ScoreBoard.cpp">
      <Filter>Source</Filter>
    </ClCompile>
    <ClCompile Include="main.cpp">
      <Filter>Source</Filter>
    </ClCompile>
    <ClCompile Include="SceneBoss.cpp">
      <Filter>Source\Scenes</Filter>
    </ClCompile>
    <ClCompile Include="AladdinObjects.cpp">
      <Filter>Source\Resources</Filter>
    </ClCompile>
    <ClCompile Include="AladdinResoucres.cpp">
      <Filter>Source\Resources</Filter>
    </ClCompile>
    <ClCompile Include="Aladdin.cpp">
      <Filter>Source\Object\Player</Filter>
    </ClCompile>
    <ClCompile Include="HP.cpp">
      <Filter>Source\Object\ScoreBoard</Filter>
    </ClCompile>
    <ClCompile Include="Life.cpp">
      <Filter>Source\Object\ScoreBoard</Filter>
    </ClCompile>
    <ClCompile Include="Score.cpp">
      <Filter>Source\Object\ScoreBoard</Filter>
    </ClCompile>
    <ClCompile Include="Penny.cpp">
      <Filter>Source\Object</Filter>
    </ClCompile>
    <ClCompile Include="Ground.cpp">
      <Filter>Source\Object\maps</Filter>
    </ClCompile>
    <ClCompile Include="Pilar.cpp">
      <Filter>Source\Object\maps</Filter>
    </ClCompile>
    <ClCompile Include="WreckingBall.cpp">
      <Filter>Source\Object\maps</Filter>
    </ClCompile>
    <ClCompile Include="Brick.cpp">
      <Filter>Source\Object\maps</Filter>
    </ClCompile>
    <ClCompile Include="Trap.cpp">
      <Filter>Source\Object\maps</Filter>
    </ClCompile>
    <ClCompile Include="Peddler.cpp">
      <Filter>Source\Object\maps</Filter>
    </ClCompile>
    <ClCompile Include="Stone.cpp">
      <Filter>Source\Object\maps</Filter>
    </ClCompile>
    <ClCompile Include="ExtraHealth.cpp">
      <Filter>Source\Object\Items</Filter>
    </ClCompile>
    <ClCompile Include="GenieBonusLevel.cpp">
      <Filter>Source\Object\Items</Filter>
    </ClCompile>
    <ClCompile Include="HealthMeter.cpp">
      <Filter>Source\Object\Items</Filter>
    </ClCompile>
    <ClCompile Include="Heart.cpp">
      <Filter>Source\Object\Items</Filter>
    </ClCompile>
    <ClCompile Include="Apple.cpp">
      <Filter>Source\Object\Items</Filter>
    </ClCompile>
    <ClCompile Include="Iago.cpp">
      <Filter>Source\Object\Enemies</Filter>
    </ClCompile>
    <ClCompile Include="Jafar.cpp">
      <Filter>Source\Object\Enemies\Boss</Filter>
    </ClCompile>
    <ClCompile Include="MagicCarpet.cpp">
      <Filter>Source\Object\Items</Filter>
    </ClCompile>
    <ClCompile Include="ExplodingSkeleton.cpp">
      <Filter>Source\Object\Enemies</Filter>
    </ClCompile>
    <ClCompile Include="FatPalaceGuard.cpp">
      <Filter>Source\Object\Enemies</Filter>
    </ClCompile>
    <ClCompile Include="NormalPalaceGuard.cpp">
      <Filter>Source\Object\Enemies</Filter>
    </ClCompile>
    <ClCompile Include="Vase.cpp">
      <Filter>Source\Object\Items</Filter>
    </ClCompile>
    <ClCompile Include="ThinPalaceGuard.cpp">
      <Filter>Source\Object\Enemies</Filter>
    </ClCompile>
    <ClCompile Include="Bat.cpp">
      <Filter>Source\Object\Enemies</Filter>
    </ClCompile>
    <ClCompile Include="SceneOne.cpp">
      <Filter>Source\Scenes</Filter>
    </ClCompile>
    <ClCompile Include="Sword.cpp">
      <Filter>Source\Object\wepons</Filter>
    </ClCompile>
    <ClCompile Include="ThrowApples.cpp">
      <Filter>Source\Object\wepons</Filter>
    </ClCompile>
    <ClCompile Include="Wood.cpp" />
    <ClCompile Include="StoneBar.cpp" />
    <ClCompile Include="Chains.cpp" />
    <ClCompile Include="Item.cpp" />
    <ClCompile Include="Statue.cpp">
      <Filter>Source\Object\Enemies</Filter>
    </ClCompile>
    <ClCompile Include="AppleCount.cpp">
      <Filter>Source\Object\ScoreBoard</Filter>
    </ClCompile>
    <ClCompile Include="AppleNumber.cpp">
      <Filter>Source\Object\ScoreBoard</Filter>
    </ClCompile>
    <ClCompile Include="PennyCount.cpp">
      <Filter>Source\Object\ScoreBoard</Filter>
    </ClCompile>
    <ClCompile Include="PennyNumber.cpp">
      <Filter>Source\Object\ScoreBoard</Filter>
    </ClCompile>
    <ClCompile Include="Bone.cpp" />
  </ItemGroup>
  <ItemGroup>
    <ClInclude Include="Aladdin.h">
      <Filter>Source\Object\Player</Filter>
    </ClInclude>
    <ClInclude Include="Up.h">
      <Filter>Source\Object</Filter>
    </ClInclude>
    <ClInclude Include="GenieBonusLevel.h">
      <Filter>Source\Object</Filter>
    </ClInclude>
    <ClInclude Include="HealthMeter.h">
      <Filter>Source\Object</Filter>
    </ClInclude>
    <ClInclude Include="Iago.h">
      <Filter>Source\Object</Filter>
    </ClInclude>
    <ClInclude Include="Jafar.h">
      <Filter>Source\Object</Filter>
    </ClInclude>
    <ClInclude Include="MagicCarpet.h">
      <Filter>Source\Object</Filter>
    </ClInclude>
    <ClInclude Include="RestartPoint.h">
      <Filter>Source\Object</Filter>
    </ClInclude>
    <ClInclude Include="SpendThese.h">
      <Filter>Source\Object</Filter>
    </ClInclude>
    <ClInclude Include="Define.h">
      <Filter>Source</Filter>
    </ClInclude>
    <ClInclude Include="SceneOne.h">
      <Filter>Source\Scenes</Filter>
    </ClInclude>
    <ClInclude Include="ScoreBoard.h">
      <Filter>Source</Filter>
    </ClInclude>
    <ClInclude Include="AladdinObjects.h">
      <Filter>Source\Resources</Filter>
    </ClInclude>
    <ClInclude Include="AladdinResoucres.h">
      <Filter>Source\Resources</Filter>
    </ClInclude>
    <ClInclude Include="HP.h">
      <Filter>Source\Object\ScoreBoard</Filter>
    </ClInclude>
    <ClInclude Include="Life.h">
      <Filter>Source\Object\ScoreBoard</Filter>
    </ClInclude>
    <ClInclude Include="Score.h">
      <Filter>Source\Object\ScoreBoard</Filter>
    </ClInclude>
    <ClInclude Include="Penny.h">
      <Filter>Source\Object</Filter>
    </ClInclude>
    <ClInclude Include="Pilar.h">
      <Filter>Source\Object\maps</Filter>
    </ClInclude>
    <ClInclude Include="SceneBoss.h">
      <Filter>Source\Scenes</Filter>
    </ClInclude>
    <ClInclude Include="WreckingBall.h">
      <Filter>Source\Object\maps</Filter>
    </ClInclude>
    <ClInclude Include="Brick.h">
      <Filter>Source\Object\maps</Filter>
    </ClInclude>
    <ClInclude Include="Trap.h">
      <Filter>Source\Object\maps</Filter>
    </ClInclude>
    <ClInclude Include="Stone.h">
      <Filter>Source\Object\maps</Filter>
    </ClInclude>
    <ClInclude Include="ExtraHealth.h">
      <Filter>Source\Object\Items</Filter>
    </ClInclude>
    <ClInclude Include="GenieBonusLevel.h">
      <Filter>Source\Object\Items</Filter>
    </ClInclude>
    <ClInclude Include="HealthMeter.h">
      <Filter>Source\Object\Items</Filter>
    </ClInclude>
    <ClInclude Include="Heart.h">
      <Filter>Source\Object\Items</Filter>
    </ClInclude>
    <ClInclude Include="Apple.h">
      <Filter>Source\Object\Items</Filter>
    </ClInclude>
    <ClInclude Include="Iago.h">
      <Filter>Source\Object\Enemies</Filter>
    </ClInclude>
    <ClInclude Include="Jafar.h">
      <Filter>Source\Object\Enemies\Boss</Filter>
    </ClInclude>
    <ClInclude Include="MagicCarpet.h">
      <Filter>Source\Object\Items</Filter>
    </ClInclude>
    <ClInclude Include="ExplodingSkeleton.h">
      <Filter>Source\Object\Enemies</Filter>
    </ClInclude>
    <ClInclude Include="FatPalaceGuard.h">
      <Filter>Source\Object\Enemies</Filter>
    </ClInclude>
    <ClInclude Include="NormalPalaceGuard.h">
      <Filter>Source\Object\Enemies</Filter>
    </ClInclude>
    <ClInclude Include="Vase.h">
      <Filter>Source\Object\Items</Filter>
    </ClInclude>
    <ClInclude Include="ThinPalaceGuard.h">
      <Filter>Source\Object\Enemies</Filter>
    </ClInclude>
    <ClInclude Include="Bat.h">
      <Filter>Source\Object\Enemies</Filter>
    </ClInclude>
    <ClInclude Include="Sword.h">
      <Filter>Source\Object\wepons</Filter>
    </ClInclude>
    <ClInclude Include="ThrowApples.h">
      <Filter>Source\Object\wepons</Filter>
    </ClInclude>
    <ClInclude Include="Ground.h" />
    <ClInclude Include="Peddler.h" />
    <ClInclude Include="Wood.h" />
    <ClInclude Include="Ground.h">
      <Filter>Source\Object\maps</Filter>
    </ClInclude>
    <ClInclude Include="Peddler.h">
      <Filter>Source\Object\maps</Filter>
    </ClInclude>
    <ClInclude Include="StoneBar.h" />
    <ClInclude Include="Chains.h" />
    <ClInclude Include="Item.h" />
    <ClInclude Include="Statue.h">
      <Filter>Source\Object\Enemies</Filter>
    </ClInclude>
    <ClInclude Include="AppleCount.h">
      <Filter>Source\Object\ScoreBoard</Filter>
    </ClInclude>
    <ClInclude Include="AppleNumber.h">
      <Filter>Source\Object\ScoreBoard</Filter>
    </ClInclude>
    <ClInclude Include="PennyCount.h">
      <Filter>Source\Object\ScoreBoard</Filter>
    </ClInclude>
    <ClInclude Include="PennyNumber.h">
      <Filter>Source\Object\ScoreBoard</Filter>
    </ClInclude>
    <ClInclude Include="Bone.h" />
  </ItemGroup>
  <ItemGroup>
    <Filter Include="Source">
      <UniqueIdentifier>{367dc7ef-0ce5-4194-88bc-9f72857a5ab1}</UniqueIdentifier>
    </Filter>
    <Filter Include="Source\Object">
      <UniqueIdentifier>{7e12920b-7cb0-48f0-ad36-a73029b21848}</UniqueIdentifier>
    </Filter>
    <Filter Include="Source\Object\Items">
      <UniqueIdentifier>{aa0f0f7a-a34f-4ab3-ae4b-3f64c83ec7ef}</UniqueIdentifier>
    </Filter>
    <Filter Include="Source\Object\Enemies">
      <UniqueIdentifier>{3c77ded3-bde6-4582-a927-93f25f230562}</UniqueIdentifier>
    </Filter>
    <Filter Include="Source\Scenes">
      <UniqueIdentifier>{d07cdbd4-56bd-48a6-862a-2bb4f87b9992}</UniqueIdentifier>
    </Filter>
    <Filter Include="Source\Resources">
      <UniqueIdentifier>{09f62cb4-f112-43b2-b828-8985a6ef9d3b}</UniqueIdentifier>
    </Filter>
    <Filter Include="Source\Object\Player">
      <UniqueIdentifier>{17024440-30dc-4da2-ad33-96fe547159ae}</UniqueIdentifier>
    </Filter>
    <Filter Include="Source\Object\ScoreBoard">
      <UniqueIdentifier>{138c53e2-8c2d-4f92-8c19-65e5090e538b}</UniqueIdentifier>
    </Filter>
    <Filter Include="Source\Object\Enemies\Boss">
      <UniqueIdentifier>{f5408931-a367-431f-b28f-8cc1e8e28fe5}</UniqueIdentifier>
    </Filter>
    <Filter Include="Source\Object\wepons">
      <UniqueIdentifier>{fc5d81b1-30f9-4ef2-a996-e65377471d0a}</UniqueIdentifier>
    </Filter>
    <Filter Include="Source\Object\maps">
      <UniqueIdentifier>{ae36649e-40e2-4fbb-af59-9bf646f63262}</UniqueIdentifier>
    </Filter>
    <Filter Include="Source\Object\Enemies\weapons">
      <UniqueIdentifier>{6bc27124-45d2-4060-bc5c-5b4bc4fb98c3}</UniqueIdentifier>
    </Filter>
  </ItemGroup>
</Project>