<?xml version="1.0" encoding="utf-8"?>
<Project ToolsVersion="4.0" xmlns="http://schemas.microsoft.com/developer/msbuild/2003">
  <ItemGroup>
    <Filter Include="Source Files">
      <UniqueIdentifier>{4FC737F1-C7A5-4376-A066-2A32D752A2FF}</UniqueIdentifier>
      <Extensions>cpp;c;cc;cxx;def;odl;idl;hpj;bat;asm;asmx</Extensions>
    </Filter>
    <Filter Include="Header Files">
      <UniqueIdentifier>{93995380-89BD-4b04-88EB-625FBE52EBFB}</UniqueIdentifier>
      <Extensions>h;hh;hpp;hxx;hm;inl;inc;xsd</Extensions>
    </Filter>
    <Filter Include="Resource Files">
      <UniqueIdentifier>{67DA6AB6-F800-4c08-8B7A-83BB121AAD01}</UniqueIdentifier>
      <Extensions>rc;ico;cur;bmp;dlg;rc2;rct;bin;rgs;gif;jpg;jpeg;jpe;resx;tiff;tif;png;wav;mfcribbon-ms</Extensions>
    </Filter>
    <Filter Include="Source Files\Objects">
      <UniqueIdentifier>{56577567-c872-442e-ac72-0aff05b47a77}</UniqueIdentifier>
    </Filter>
    <Filter Include="Source Files\Scenes">
      <UniqueIdentifier>{662923b8-8905-4950-94d2-4cd2d1b42ad5}</UniqueIdentifier>
    </Filter>
    <Filter Include="Source Files\Objects\Player">
      <UniqueIdentifier>{905b7e3f-e07a-4785-b7fd-f7a2f5d9d4a1}</UniqueIdentifier>
    </Filter>
    <Filter Include="Source Files\Objects\Enemies">
      <UniqueIdentifier>{93a497d9-6d1d-45cc-958d-a9773f953362}</UniqueIdentifier>
    </Filter>
    <Filter Include="Source Files\Objects\Items">
      <UniqueIdentifier>{ca945ff3-07f7-47e9-8cad-5c557aa81b5a}</UniqueIdentifier>
    </Filter>
    <Filter Include="Source Files\Objects\Weapons">
      <UniqueIdentifier>{0913c425-25bb-4f75-ac8b-0a47fa7b4333}</UniqueIdentifier>
    </Filter>
    <Filter Include="Source Files\Objects\maps">
      <UniqueIdentifier>{47565672-b2e3-477a-af14-2d8ee42c4af7}</UniqueIdentifier>
    </Filter>
    <Filter Include="Source Files\Effects">
      <UniqueIdentifier>{ea452047-4c8e-4d28-bec3-e59fcd81431b}</UniqueIdentifier>
    </Filter>
    <Filter Include="Source Files\Boads">
      <UniqueIdentifier>{637be088-6f75-4361-ab7f-0fb890f462dc}</UniqueIdentifier>
    </Filter>
    <Filter Include="Source Files\Objects\Enemies\weapons">
      <UniqueIdentifier>{36d5854a-7ea8-40ba-a6c0-98ce4225e286}</UniqueIdentifier>
    </Filter>
    <Filter Include="Source Files\Objects\Enemies\boss">
      <UniqueIdentifier>{6ab5176a-3b71-4048-aa69-2482edae27b3}</UniqueIdentifier>
    </Filter>
    <Filter Include="Source Files\Scenes\Effects">
      <UniqueIdentifier>{fae9c562-f5ed-4414-8eb5-112e2be03dca}</UniqueIdentifier>
    </Filter>
  </ItemGroup>
  <ItemGroup>
    <ClCompile Include="Simon.cpp">
      <Filter>Source Files\Objects\Player</Filter>
    </ClCompile>
    <ClCompile Include="Torch.cpp">
      <Filter>Source Files\Objects\maps</Filter>
    </ClCompile>
    <ClCompile Include="Whip.cpp">
      <Filter>Source Files\Objects\Weapons</Filter>
    </ClCompile>
    <ClCompile Include="CollisionEffect.cpp">
      <Filter>Source Files\Effects</Filter>
    </ClCompile>
    <ClCompile Include="DeadEffect.cpp">
      <Filter>Source Files\Effects</Filter>
    </ClCompile>
    <ClCompile Include="ScoreBoard.cpp">
      <Filter>Source Files</Filter>
    </ClCompile>
    <ClCompile Include="HP.cpp">
      <Filter>Source Files\Boads</Filter>
    </ClCompile>
    <ClCompile Include="ItemBoard.cpp">
      <Filter>Source Files\Boads</Filter>
    </ClCompile>
    <ClCompile Include="Item.cpp">
      <Filter>Source Files\Objects\Items</Filter>
    </ClCompile>
    <ClCompile Include="Candle.cpp">
      <Filter>Source Files\Objects\maps</Filter>
    </ClCompile>
    <ClCompile Include="Brick.cpp">
      <Filter>Source Files\Objects\maps</Filter>
    </ClCompile>
    <ClCompile Include="PlayScence.cpp">
      <Filter>Source Files\Scenes</Filter>
    </ClCompile>
    <ClCompile Include="main.cpp">
      <Filter>Source Files</Filter>
    </ClCompile>
    <ClCompile Include="Gate.cpp">
      <Filter>Source Files\Objects\maps</Filter>
    </ClCompile>
    <ClCompile Include="BottomStair.cpp">
      <Filter>Source Files\Objects\maps</Filter>
    </ClCompile>
    <ClCompile Include="TopStair.cpp">
      <Filter>Source Files\Objects\maps</Filter>
    </ClCompile>
    <ClCompile Include="BlackKnight.cpp">
      <Filter>Source Files\Objects\Enemies</Filter>
    </ClCompile>
    <ClCompile Include="VampireBat.cpp">
      <Filter>Source Files\Objects\Enemies</Filter>
    </ClCompile>
    <ClCompile Include="Zombie.cpp">
      <Filter>Source Files\Objects\Enemies</Filter>
    </ClCompile>
    <ClCompile Include="MoneyEffect.cpp">
      <Filter>Source Files\Effects</Filter>
    </ClCompile>
    <ClCompile Include="Enemy.cpp">
      <Filter>Source Files\Objects\Enemies</Filter>
    </ClCompile>
    <ClCompile Include="MovingPlatform.cpp">
      <Filter>Source Files\Objects\maps</Filter>
    </ClCompile>
    <ClCompile Include="Weapon.cpp">
      <Filter>Source Files\Objects\Weapons</Filter>
    </ClCompile>
    <ClCompile Include="Dagger.cpp">
      <Filter>Source Files\Objects\Weapons</Filter>
    </ClCompile>
    <ClCompile Include="Axe.cpp">
      <Filter>Source Files\Objects\Weapons</Filter>
    </ClCompile>
    <ClCompile Include="FireBomb.cpp">
      <Filter>Source Files\Objects\Weapons</Filter>
    </ClCompile>
    <ClCompile Include="Boomerang.cpp">
      <Filter>Source Files\Objects\Weapons</Filter>
    </ClCompile>
    <ClCompile Include="Stopwatch.cpp">
      <Filter>Source Files\Objects\Weapons</Filter>
    </ClCompile>
    <ClCompile Include="Ghost.cpp">
      <Filter>Source Files\Objects\Enemies</Filter>
    </ClCompile>
    <ClCompile Include="Fleamen.cpp">
      <Filter>Source Files\Objects\Enemies</Filter>
    </ClCompile>
    <ClCompile Include="Skeleton.cpp">
      <Filter>Source Files\Objects\Enemies</Filter>
    </ClCompile>
    <ClCompile Include="Bone.cpp">
      <Filter>Source Files\Objects\Enemies\weapons</Filter>
    </ClCompile>
    <ClCompile Include="Raven.cpp">
      <Filter>Source Files\Objects\Enemies</Filter>
    </ClCompile>
    <ClCompile Include="PhantomBat.cpp">
      <Filter>Source Files\Objects\Enemies\boss</Filter>
    </ClCompile>
    <ClCompile Include="BossDeadEffect.cpp">
      <Filter>Source Files\Effects</Filter>
    </ClCompile>
    <ClCompile Include="TitleScene.cpp">
      <Filter>Source Files\Scenes</Filter>
    </ClCompile>
    <ClCompile Include="IntroScene.cpp">
      <Filter>Source Files\Scenes</Filter>
    </ClCompile>
    <ClCompile Include="OverScene.cpp">
      <Filter>Source Files\Scenes</Filter>
    </ClCompile>
    <ClCompile Include="BatStartGame.cpp">
      <Filter>Source Files\Scenes\Effects</Filter>
    </ClCompile>
    <ClCompile Include="TextTitleScreen.cpp">
      <Filter>Source Files\Scenes\Effects</Filter>
    </ClCompile>
    <ClCompile Include="Helicopter.cpp">
      <Filter>Source Files\Scenes\Effects</Filter>
    </ClCompile>
    <ClCompile Include="BatIntro.cpp">
      <Filter>Source Files\Scenes\Effects</Filter>
    </ClCompile>
  </ItemGroup>
  <ItemGroup>
    <ClInclude Include="Simon.h">
      <Filter>Source Files\Objects\Player</Filter>
    </ClInclude>
    <ClInclude Include="Define.h">
      <Filter>Source Files</Filter>
    </ClInclude>
    <ClInclude Include="Torch.h">
      <Filter>Source Files\Objects\maps</Filter>
    </ClInclude>
    <ClInclude Include="Whip.h">
      <Filter>Source Files\Objects\Weapons</Filter>
    </ClInclude>
    <ClInclude Include="CollisionEffect.h">
      <Filter>Source Files\Effects</Filter>
    </ClInclude>
    <ClInclude Include="DeadEffect.h">
      <Filter>Source Files\Effects</Filter>
    </ClInclude>
    <ClInclude Include="ScoreBoard.h">
      <Filter>Source Files</Filter>
    </ClInclude>
    <ClInclude Include="HP.h">
      <Filter>Source Files\Boads</Filter>
    </ClInclude>
    <ClInclude Include="ItemBoard.h">
      <Filter>Source Files\Boads</Filter>
    </ClInclude>
    <ClInclude Include="Item.h">
      <Filter>Source Files\Objects\Items</Filter>
    </ClInclude>
    <ClInclude Include="Candle.h">
      <Filter>Source Files\Objects\maps</Filter>
    </ClInclude>
    <ClInclude Include="Brick.h">
      <Filter>Source Files\Objects\maps</Filter>
    </ClInclude>
    <ClInclude Include="PlayScence.h">
      <Filter>Source Files\Scenes</Filter>
    </ClInclude>
    <ClInclude Include="Gate.h">
      <Filter>Source Files\Objects\maps</Filter>
    </ClInclude>
    <ClInclude Include="TopStair.h">
      <Filter>Source Files\Objects\maps</Filter>
    </ClInclude>
    <ClInclude Include="BottomStair.h">
      <Filter>Source Files\Objects\maps</Filter>
    </ClInclude>
    <ClInclude Include="BlackKnight.h">
      <Filter>Source Files\Objects\Enemies</Filter>
    </ClInclude>
    <ClInclude Include="VampireBat.h">
      <Filter>Source Files\Objects\Enemies</Filter>
    </ClInclude>
    <ClInclude Include="Zombie.h">
      <Filter>Source Files\Objects\Enemies</Filter>
    </ClInclude>
    <ClInclude Include="MoneyEffect.h">
      <Filter>Source Files\Effects</Filter>
    </ClInclude>
    <ClInclude Include="Enemy.h">
      <Filter>Source Files\Objects\Enemies</Filter>
    </ClInclude>
    <ClInclude Include="MovingPlatform.h">
      <Filter>Source Files\Objects\maps</Filter>
    </ClInclude>
    <ClInclude Include="Weapon.h">
      <Filter>Source Files\Objects\Weapons</Filter>
    </ClInclude>
    <ClInclude Include="Dagger.h">
      <Filter>Source Files\Objects\Weapons</Filter>
    </ClInclude>
    <ClInclude Include="Axe.h">
      <Filter>Source Files\Objects\Weapons</Filter>
    </ClInclude>
    <ClInclude Include="FireBomb.h">
      <Filter>Source Files\Objects\Weapons</Filter>
    </ClInclude>
    <ClInclude Include="Boomerang.h">
      <Filter>Source Files\Objects\Weapons</Filter>
    </ClInclude>
    <ClInclude Include="Stopwatch.h">
      <Filter>Source Files\Objects\Weapons</Filter>
    </ClInclude>
    <ClInclude Include="Ghost.h">
      <Filter>Source Files\Objects\Enemies</Filter>
    </ClInclude>
    <ClInclude Include="Fleamen.h">
      <Filter>Source Files\Objects\Enemies</Filter>
    </ClInclude>
    <ClInclude Include="Skeleton.h">
      <Filter>Source Files\Objects\Enemies</Filter>
    </ClInclude>
    <ClInclude Include="Bone.h">
      <Filter>Source Files\Objects\Enemies\weapons</Filter>
    </ClInclude>
    <ClInclude Include="Raven.h">
      <Filter>Source Files\Objects\Enemies</Filter>
    </ClInclude>
    <ClInclude Include="PhantomBat.h">
      <Filter>Source Files\Objects\Enemies\boss</Filter>
    </ClInclude>
    <ClInclude Include="BossDeadEffect.h">
      <Filter>Source Files\Effects</Filter>
    </ClInclude>
    <ClInclude Include="TitleScene.h">
      <Filter>Source Files\Scenes</Filter>
    </ClInclude>
    <ClInclude Include="IntroScene.h">
      <Filter>Source Files\Scenes</Filter>
    </ClInclude>
    <ClInclude Include="OverScene.h">
      <Filter>Source Files\Scenes</Filter>
    </ClInclude>
    <ClInclude Include="BatStartGame.h">
      <Filter>Source Files\Scenes\Effects</Filter>
    </ClInclude>
    <ClInclude Include="TextTitleScreen.h">
      <Filter>Source Files\Scenes\Effects</Filter>
    </ClInclude>
    <ClInclude Include="Helicopter.h">
      <Filter>Source Files\Scenes\Effects</Filter>
    </ClInclude>
    <ClInclude Include="BatIntro.h">
      <Filter>Source Files\Scenes\Effects</Filter>
    </ClInclude>
  </ItemGroup>
</Project>