<?xml version="1.0" encoding="utf-8"?>
<Project ToolsVersion="4.0" xmlns="http://schemas.microsoft.com/developer/msbuild/2003">
  <ItemGroup>
    <Filter Include="sources">
      <UniqueIdentifier>{343d94e9-9210-4998-8a4f-deb7a59c0597}</UniqueIdentifier>
    </Filter>
  </ItemGroup>
  <ItemGroup>
    <ClCompile Include="ActionObject.cpp">
      <Filter>sources</Filter>
    </ClCompile>
    <ClCompile Include="Aladin.cpp">
      <Filter>sources</Filter>
    </ClCompile>
    <ClCompile Include="Animation.cpp">
      <Filter>sources</Filter>
    </ClCompile>
    <ClCompile Include="Apple.cpp">
      <Filter>sources</Filter>
    </ClCompile>
    <ClCompile Include="BackGround.cpp">
      <Filter>sources</Filter>
    </ClCompile>
    <ClCompile Include="Ball.cpp">
      <Filter>sources</Filter>
    </ClCompile>
    <ClCompile Include="Bat.cpp">
      <Filter>sources</Filter>
    </ClCompile>
    <ClCompile Include="Box.cpp">
      <Filter>sources</Filter>
    </ClCompile>
    <ClCompile Include="Camera.cpp">
      <Filter>sources</Filter>
    </ClCompile>
    <ClCompile Include="Collision.cpp">
      <Filter>sources</Filter>
    </ClCompile>
    <ClCompile Include="Face.cpp">
      <Filter>sources</Filter>
    </ClCompile>
    <ClCompile Include="Game.cpp">
      <Filter>sources</Filter>
    </ClCompile>
    <ClCompile Include="Global.cpp">
      <Filter>sources</Filter>
    </ClCompile>
    <ClCompile Include="Guard.cpp">
      <Filter>sources</Filter>
    </ClCompile>
    <ClCompile Include="Heart.cpp">
      <Filter>sources</Filter>
    </ClCompile>
    <ClCompile Include="Map.cpp">
      <Filter>sources</Filter>
    </ClCompile>
    <ClCompile Include="MyGame.cpp">
      <Filter>sources</Filter>
    </ClCompile>
    <ClCompile Include="MyTexture.cpp">
      <Filter>sources</Filter>
    </ClCompile>
    <ClCompile Include="Node.cpp">
      <Filter>sources</Filter>
    </ClCompile>
    <ClCompile Include="Object.cpp">
      <Filter>sources</Filter>
    </ClCompile>
    <ClCompile Include="Penny.cpp">
      <Filter>sources</Filter>
    </ClCompile>
    <ClCompile Include="Project2.cpp">
      <Filter>sources</Filter>
    </ClCompile>
    <ClCompile Include="QuadTree.cpp">
      <Filter>sources</Filter>
    </ClCompile>
    <ClCompile Include="Skeleton.cpp">
      <Filter>sources</Filter>
    </ClCompile>
    <ClCompile Include="Smoke.cpp">
      <Filter>sources</Filter>
    </ClCompile>
    <ClCompile Include="Source.cpp">
      <Filter>sources</Filter>
    </ClCompile>
    <ClCompile Include="Sprite.cpp">
      <Filter>sources</Filter>
    </ClCompile>
    <ClCompile Include="Stone.cpp">
      <Filter>sources</Filter>
    </ClCompile>
    <ClCompile Include="Texture.cpp">
      <Filter>sources</Filter>
    </ClCompile>
    <ClCompile Include="Trap.cpp">
      <Filter>sources</Filter>
    </ClCompile>
    <ClCompile Include="Vase.cpp">
      <Filter>sources</Filter>
    </ClCompile>
  </ItemGroup>
  <ItemGroup>
    <ClInclude Include="ActionObject.h">
      <Filter>sources</Filter>
    </ClInclude>
    <ClInclude Include="Aladin.h">
      <Filter>sources</Filter>
    </ClInclude>
    <ClInclude Include="Animation.h">
      <Filter>sources</Filter>
    </ClInclude>
    <ClInclude Include="Apple.h">
      <Filter>sources</Filter>
    </ClInclude>
    <ClInclude Include="Background.h">
      <Filter>sources</Filter>
    </ClInclude>
    <ClInclude Include="Ball.h">
      <Filter>sources</Filter>
    </ClInclude>
    <ClInclude Include="Bat.h">
      <Filter>sources</Filter>
    </ClInclude>
    <ClInclude Include="Box.h">
      <Filter>sources</Filter>
    </ClInclude>
    <ClInclude Include="Camera.h">
      <Filter>sources</Filter>
    </ClInclude>
    <ClInclude Include="Collision.h">
      <Filter>sources</Filter>
    </ClInclude>
    <ClInclude Include="Face.h">
      <Filter>sources</Filter>
    </ClInclude>
    <ClInclude Include="Game.h">
      <Filter>sources</Filter>
    </ClInclude>
    <ClInclude Include="Global.h">
      <Filter>sources</Filter>
    </ClInclude>
    <ClInclude Include="Guard.h">
      <Filter>sources</Filter>
    </ClInclude>
    <ClInclude Include="Heart.h">
      <Filter>sources</Filter>
    </ClInclude>
    <ClInclude Include="Map.h">
      <Filter>sources</Filter>
    </ClInclude>
    <ClInclude Include="MyGame.h">
      <Filter>sources</Filter>
    </ClInclude>
    <ClInclude Include="MyTexture.h">
      <Filter>sources</Filter>
    </ClInclude>
    <ClInclude Include="Node.h">
      <Filter>sources</Filter>
    </ClInclude>
    <ClInclude Include="Object.h">
      <Filter>sources</Filter>
    </ClInclude>
    <ClInclude Include="Penny.h">
      <Filter>sources</Filter>
    </ClInclude>
    <ClInclude Include="QuadTree.h">
      <Filter>sources</Filter>
    </ClInclude>
    <ClInclude Include="Skeleton.h">
      <Filter>sources</Filter>
    </ClInclude>
    <ClInclude Include="Smoke.h">
      <Filter>sources</Filter>
    </ClInclude>
    <ClInclude Include="Sprite.h">
      <Filter>sources</Filter>
    </ClInclude>
    <ClInclude Include="Stone.h">
      <Filter>sources</Filter>
    </ClInclude>
    <ClInclude Include="Texture.h">
      <Filter>sources</Filter>
    </ClInclude>
    <ClInclude Include="Trap.h">
      <Filter>sources</Filter>
    </ClInclude>
    <ClInclude Include="Vase.h">
      <Filter>sources</Filter>
    </ClInclude>
  </ItemGroup>
</Project>